
Microsoft Visual Studio Solution File, Format Version 12.00
# Visual Studio Version 17
VisualStudioVersion = 17.1.32328.378
MinimumVisualStudioVersion = 10.0.40219.1
Project("{8BC9CEB8-8B4A-11D0-8D11-00A0C91BC942}") = "Process", "Process\Process.vcxproj", "{7E62EC4D-8CD4-460A-818D-9DCFBBFFDFDE}"
EndProject
Project("{8BC9CEB8-8B4A-11D0-8D11-00A0C91BC942}") = "Common", "Common\Common.vcxproj", "{974E900C-E420-4468-A56D-5E22A4422F2A}"
EndProject
Project("{8BC9CEB8-8B4A-11D0-8D11-00A0C91BC942}") = "Replicator", "Replicator\Replicator.vcxproj", "{8CFDCDA0-539C-42A7-ADD0-E66CF8E0FABC}"
EndProject
Global
	GlobalSection(SolutionConfigurationPlatforms) = preSolution
		Debug|x64 = Debug|x64
		Debug|x86 = Debug|x86
		Release|x64 = Release|x64
		Release|x86 = Release|x86
	EndGlobalSection
	GlobalSection(ProjectConfigurationPlatforms) = postSolution
		{7E62EC4D-8CD4-460A-818D-9DCFBBFFDFDE}.Debug|x64.ActiveCfg = Debug|x64
		{7E62EC4D-8CD4-460A-818D-9DCFBBFFDFDE}.Debug|x64.Build.0 = Debug|x64
		{7E62EC4D-8CD4-460A-818D-9DCFBBFFDFDE}.Debug|x86.ActiveCfg = Debug|Win32
		{7E62EC4D-8CD4-460A-818D-9DCFBBFFDFDE}.Debug|x86.Build.0 = Debug|Win32
		{7E62EC4D-8CD4-460A-818D-9DCFBBFFDFDE}.Release|x64.ActiveCfg = Release|x64
		{7E62EC4D-8CD4-460A-818D-9DCFBBFFDFDE}.Release|x64.Build.0 = Release|x64
		{7E62EC4D-8CD4-460A-818D-9DCFBBFFDFDE}.Release|x86.ActiveCfg = Release|Win32
		{7E62EC4D-8CD4-460A-818D-9DCFBBFFDFDE}.Release|x86.Build.0 = Release|Win32
		{974E900C-E420-4468-A56D-5E22A4422F2A}.Debug|x64.ActiveCfg = Debug|x64
		{974E900C-E420-4468-A56D-5E22A4422F2A}.Debug|x64.Build.0 = Debug|x64
		{974E900C-E420-4468-A56D-5E22A4422F2A}.Debug|x86.ActiveCfg = Debug|Win32
		{974E900C-E420-4468-A56D-5E22A4422F2A}.Debug|x86.Build.0 = Debug|Win32
		{974E900C-E420-4468-A56D-5E22A4422F2A}.Release|x64.ActiveCfg = Release|x64
		{974E900C-E420-4468-A56D-5E22A4422F2A}.Release|x64.Build.0 = Release|x64
		{974E900C-E420-4468-A56D-5E22A4422F2A}.Release|x86.ActiveCfg = Release|Win32
		{974E900C-E420-4468-A56D-5E22A4422F2A}.Release|x86.Build.0 = Release|Win32
		{8CFDCDA0-539C-42A7-ADD0-E66CF8E0FABC}.Debug|x64.ActiveCfg = Debug|x64
		{8CFDCDA0-539C-42A7-ADD0-E66CF8E0FABC}.Debug|x64.Build.0 = Debug|x64
		{8CFDCDA0-539C-42A7-ADD0-E66CF8E0FABC}.Debug|x86.ActiveCfg = Debug|Win32
		{8CFDCDA0-539C-42A7-ADD0-E66CF8E0FABC}.Debug|x86.Build.0 = Debug|Win32
		{8CFDCDA0-539C-42A7-ADD0-E66CF8E0FABC}.Release|x64.ActiveCfg = Release|x64
		{8CFDCDA0-539C-42A7-ADD0-E66CF8E0FABC}.Release|x64.Build.0 = Release|x64
		{8CFDCDA0-539C-42A7-ADD0-E66CF8E0FABC}.Release|x86.ActiveCfg = Release|Win32
		{8CFDCDA0-539C-42A7-ADD0-E66CF8E0FABC}.Release|x86.Build.0 = Release|Win32
	EndGlobalSection
	GlobalSection(SolutionProperties) = preSolution
		HideSolutionNode = FALSE
	EndGlobalSection
	GlobalSection(ExtensibilityGlobals) = postSolution
		SolutionGuid = {68812404-3366-4662-8FA6-13EE0F0B94F2}
	EndGlobalSection
EndGlobal
